<?xml version="1.0" encoding="utf-8"?>
<Project ToolsVersion="4.0" xmlns="http://schemas.microsoft.com/developer/msbuild/2003">
  <ItemGroup>
    <Filter Include="源文件">
      <UniqueIdentifier>{4FC737F1-C7A5-4376-A066-2A32D752A2FF}</UniqueIdentifier>
      <Extensions>cpp;c;cc;cxx;c++;cppm;ixx;def;odl;idl;hpj;bat;asm;asmx</Extensions>
    </Filter>
    <Filter Include="头文件">
      <UniqueIdentifier>{93995380-89BD-4b04-88EB-625FBE52EBFB}</UniqueIdentifier>
      <Extensions>h;hh;hpp;hxx;h++;hm;inl;inc;ipp;xsd</Extensions>
    </Filter>
    <Filter Include="资源文件">
      <UniqueIdentifier>{67DA6AB6-F800-4c08-8B7A-83BB121AAD01}</UniqueIdentifier>
      <Extensions>rc;ico;cur;bmp;dlg;rc2;rct;bin;rgs;gif;jpg;jpeg;jpe;resx;tiff;tif;png;wav;mfcribbon-ms</Extensions>
    </Filter>
    <Filter Include="Shader">
      <UniqueIdentifier>{d336f5d7-b05c-43da-8a4d-0dc680e5f9b3}</UniqueIdentifier>
    </Filter>
    <Filter Include="Model">
      <UniqueIdentifier>{4182fc18-15da-4429-b3d2-6d7a1e2459a3}</UniqueIdentifier>
    </Filter>
    <Filter Include="Model\Sponza">
      <UniqueIdentifier>{0d789472-cdcd-4810-acc8-2878724d161d}</UniqueIdentifier>
    </Filter>
    <Filter Include="Model\Sponza\textures">
      <UniqueIdentifier>{0db5d249-a470-4af5-988e-5874817dc248}</UniqueIdentifier>
    </Filter>
    <Filter Include="ThirdParty">
      <UniqueIdentifier>{f339ee17-134f-42b1-81a1-01ef0fa8d1cd}</UniqueIdentifier>
    </Filter>
    <Filter Include="ThirdParty\assimp">
      <UniqueIdentifier>{f4c386a2-facb-4603-b416-803ec02ed08b}</UniqueIdentifier>
    </Filter>
    <Filter Include="ThirdParty\assimp\Compiler">
      <UniqueIdentifier>{a5b50ea5-7765-4da0-a822-d8d293e8227f}</UniqueIdentifier>
    </Filter>
    <Filter Include="ThirdParty\assimp\port">
      <UniqueIdentifier>{aa36dbf1-e20a-4758-a0b5-00f887a38543}</UniqueIdentifier>
    </Filter>
    <Filter Include="ThirdParty\assimp\port\AndroidJNI">
      <UniqueIdentifier>{fed29d5e-e992-4d63-9845-b25275e878f4}</UniqueIdentifier>
    </Filter>
    <Filter Include="ThirdParty\DLLs">
      <UniqueIdentifier>{1777b97b-2ce2-42a4-b9b9-ef99930e7cfa}</UniqueIdentifier>
    </Filter>
    <Filter Include="Math">
      <UniqueIdentifier>{76f87672-9dff-43c1-8b5c-a5ff04b44cb4}</UniqueIdentifier>
    </Filter>
    <Filter Include="Math\include">
      <UniqueIdentifier>{26278433-1499-42bb-9a05-47f4c4eae882}</UniqueIdentifier>
    </Filter>
    <Filter Include="Math\src">
      <UniqueIdentifier>{2d4336dc-23ed-451d-8fee-958078f44a07}</UniqueIdentifier>
    </Filter>
    <Filter Include="头文件\Scene">
      <UniqueIdentifier>{75c5c665-778a-4d2d-a66e-7fad26ba928c}</UniqueIdentifier>
    </Filter>
    <Filter Include="源文件\Scene">
      <UniqueIdentifier>{30728a4d-01a6-4151-876d-2703d2d3818b}</UniqueIdentifier>
    </Filter>
    <Filter Include="头文件\Renderer">
      <UniqueIdentifier>{4654ff51-d15e-4372-aace-11d46e268935}</UniqueIdentifier>
    </Filter>
    <Filter Include="源文件\Renderer">
      <UniqueIdentifier>{33c441af-4f75-4e26-9b1b-e06b489c8c6c}</UniqueIdentifier>
    </Filter>
    <Filter Include="头文件\Shader">
      <UniqueIdentifier>{6cf5c61f-efc2-415b-947e-6cd72e79e984}</UniqueIdentifier>
    </Filter>
    <Filter Include="源文件\Shader">
      <UniqueIdentifier>{a1a83fa0-a2e0-48b0-8e1b-76e5e33fdf5b}</UniqueIdentifier>
    </Filter>
    <Filter Include="头文件\Core">
      <UniqueIdentifier>{df562d19-6f23-4365-95c4-41c8752fdce0}</UniqueIdentifier>
    </Filter>
    <Filter Include="源文件\Core">
      <UniqueIdentifier>{3fca7e25-bf93-4621-bf7c-a5b1ea381e1d}</UniqueIdentifier>
    </Filter>
    <Filter Include="头文件\Win32">
      <UniqueIdentifier>{91dc35bc-3573-4abe-8183-128e0022ed0d}</UniqueIdentifier>
    </Filter>
    <Filter Include="头文件\Utils">
      <UniqueIdentifier>{a49b7bc2-92fa-4d5a-99fb-194f5657847e}</UniqueIdentifier>
    </Filter>
    <Filter Include="源文件\Utils">
      <UniqueIdentifier>{dfc95de2-d6fd-4764-b2cb-22d5c54661e1}</UniqueIdentifier>
    </Filter>
    <Filter Include="头文件\System">
      <UniqueIdentifier>{7dccac83-7251-4575-afb8-bd8938359bf3}</UniqueIdentifier>
    </Filter>
    <Filter Include="源文件\System">
      <UniqueIdentifier>{6dba830d-e0de-4e48-9fcf-46e28f596ce6}</UniqueIdentifier>
    </Filter>
    <Filter Include="头文件\Mats">
      <UniqueIdentifier>{258206c6-a26e-4fbe-aaed-51062e7de794}</UniqueIdentifier>
    </Filter>
    <Filter Include="源文件\Mats">
      <UniqueIdentifier>{933058d9-62de-4e00-a716-137688e7c66f}</UniqueIdentifier>
    </Filter>
    <Filter Include="源文件\Misc">
      <UniqueIdentifier>{3db5ebf0-1b14-4413-b1eb-465240e29ae8}</UniqueIdentifier>
    </Filter>
    <Filter Include="头文件\Misc">
      <UniqueIdentifier>{a713cd27-b90e-40a5-86f9-a3be7c6de0de}</UniqueIdentifier>
    </Filter>
  </ItemGroup>
  <ItemGroup>
    <ClCompile Include="GPass.cpp">
      <Filter>源文件</Filter>
    </ClCompile>
    <ClCompile Include="Model.cpp">
      <Filter>源文件</Filter>
    </ClCompile>
    <ClCompile Include="Camera.cpp">
      <Filter>源文件</Filter>
    </ClCompile>
    <ClCompile Include="HObject.cpp">
      <Filter>源文件\Scene</Filter>
    </ClCompile>
    <ClCompile Include="GameObject.cpp">
      <Filter>源文件\Scene</Filter>
    </ClCompile>
    <ClCompile Include="Transform.cpp">
      <Filter>源文件\Scene</Filter>
    </ClCompile>
    <ClCompile Include="Component.cpp">
      <Filter>源文件\Scene</Filter>
    </ClCompile>
    <ClCompile Include="Scene.cpp">
      <Filter>源文件\Scene</Filter>
    </ClCompile>
    <ClCompile Include="ThirdCamera.cpp">
      <Filter>源文件\Scene</Filter>
    </ClCompile>
    <ClCompile Include="Drawable.cpp">
      <Filter>源文件\Renderer</Filter>
    </ClCompile>
    <ClCompile Include="Mesh.cpp">
      <Filter>源文件\Renderer</Filter>
    </ClCompile>
    <ClCompile Include="MeshRenderer.cpp">
      <Filter>源文件\Renderer</Filter>
    </ClCompile>
    <ClCompile Include="Renderer.cpp">
      <Filter>源文件\Renderer</Filter>
    </ClCompile>
    <ClCompile Include="Material.cpp">
      <Filter>源文件\Renderer</Filter>
    </ClCompile>
    <ClCompile Include="HPass.cpp">
      <Filter>源文件\Shader</Filter>
    </ClCompile>
    <ClCompile Include="DescriptorAllocator.cpp">
      <Filter>源文件\Core</Filter>
    </ClCompile>
    <ClCompile Include="DescriptorAllocationPage.cpp">
      <Filter>源文件\Core</Filter>
    </ClCompile>
    <ClCompile Include="DescriptorAllocation.cpp">
      <Filter>源文件\Core</Filter>
    </ClCompile>
    <ClCompile Include="main.cpp">
      <Filter>源文件</Filter>
    </ClCompile>
    <ClCompile Include="Texture2D.cpp">
      <Filter>源文件\Renderer</Filter>
    </ClCompile>
    <ClCompile Include="UploadBuffer.cpp">
      <Filter>源文件\Core</Filter>
    </ClCompile>
    <ClCompile Include="RendererSystem.cpp">
      <Filter>源文件\System</Filter>
    </ClCompile>
    <ClCompile Include="Application.cpp">
      <Filter>源文件\System</Filter>
    </ClCompile>
    <ClCompile Include="Graphics.cpp">
      <Filter>源文件\System</Filter>
    </ClCompile>
    <ClCompile Include="Input.cpp">
      <Filter>源文件\System</Filter>
    </ClCompile>
    <ClCompile Include="Win32App.cpp">
      <Filter>源文件\System</Filter>
    </ClCompile>
    <ClCompile Include="AssetImporter.cpp">
      <Filter>源文件\Utils</Filter>
    </ClCompile>
    <ClCompile Include="DefaultMaterial.cpp">
      <Filter>源文件\Mats</Filter>
    </ClCompile>
    <ClCompile Include="GlobalShaderUniformSystem.cpp">
      <Filter>源文件\Misc</Filter>
    </ClCompile>
  </ItemGroup>
  <ItemGroup>
    <ClInclude Include="Pass.h">
      <Filter>头文件</Filter>
    </ClInclude>
    <ClInclude Include="GPass.h">
      <Filter>头文件</Filter>
    </ClInclude>
    <ClInclude Include="ThirdParty\assimp\aabb.h">
      <Filter>ThirdParty\assimp</Filter>
    </ClInclude>
    <ClInclude Include="ThirdParty\assimp\ai_assert.h">
      <Filter>ThirdParty\assimp</Filter>
    </ClInclude>
    <ClInclude Include="ThirdParty\assimp\anim.h">
      <Filter>ThirdParty\assimp</Filter>
    </ClInclude>
    <ClInclude Include="ThirdParty\assimp\BaseImporter.h">
      <Filter>ThirdParty\assimp</Filter>
    </ClInclude>
    <ClInclude Include="ThirdParty\assimp\Bitmap.h">
      <Filter>ThirdParty\assimp</Filter>
    </ClInclude>
    <ClInclude Include="ThirdParty\assimp\BlobIOSystem.h">
      <Filter>ThirdParty\assimp</Filter>
    </ClInclude>
    <ClInclude Include="ThirdParty\assimp\ByteSwapper.h">
      <Filter>ThirdParty\assimp</Filter>
    </ClInclude>
    <ClInclude Include="ThirdParty\assimp\camera.h">
      <Filter>ThirdParty\assimp</Filter>
    </ClInclude>
    <ClInclude Include="ThirdParty\assimp\cexport.h">
      <Filter>ThirdParty\assimp</Filter>
    </ClInclude>
    <ClInclude Include="ThirdParty\assimp\cfileio.h">
      <Filter>ThirdParty\assimp</Filter>
    </ClInclude>
    <ClInclude Include="ThirdParty\assimp\cimport.h">
      <Filter>ThirdParty\assimp</Filter>
    </ClInclude>
    <ClInclude Include="ThirdParty\assimp\color4.h">
      <Filter>ThirdParty\assimp</Filter>
    </ClInclude>
    <ClInclude Include="ThirdParty\assimp\config.h">
      <Filter>ThirdParty\assimp</Filter>
    </ClInclude>
    <ClInclude Include="ThirdParty\assimp\CreateAnimMesh.h">
      <Filter>ThirdParty\assimp</Filter>
    </ClInclude>
    <ClInclude Include="ThirdParty\assimp\DefaultIOStream.h">
      <Filter>ThirdParty\assimp</Filter>
    </ClInclude>
    <ClInclude Include="ThirdParty\assimp\DefaultIOSystem.h">
      <Filter>ThirdParty\assimp</Filter>
    </ClInclude>
    <ClInclude Include="ThirdParty\assimp\DefaultLogger.hpp">
      <Filter>ThirdParty\assimp</Filter>
    </ClInclude>
    <ClInclude Include="ThirdParty\assimp\Defines.h">
      <Filter>ThirdParty\assimp</Filter>
    </ClInclude>
    <ClInclude Include="ThirdParty\assimp\defs.h">
      <Filter>ThirdParty\assimp</Filter>
    </ClInclude>
    <ClInclude Include="ThirdParty\assimp\Exceptional.h">
      <Filter>ThirdParty\assimp</Filter>
    </ClInclude>
    <ClInclude Include="ThirdParty\assimp\Exporter.hpp">
      <Filter>ThirdParty\assimp</Filter>
    </ClInclude>
    <ClInclude Include="ThirdParty\assimp\fast_atof.h">
      <Filter>ThirdParty\assimp</Filter>
    </ClInclude>
    <ClInclude Include="ThirdParty\assimp\GenericProperty.h">
      <Filter>ThirdParty\assimp</Filter>
    </ClInclude>
    <ClInclude Include="ThirdParty\assimp\Hash.h">
      <Filter>ThirdParty\assimp</Filter>
    </ClInclude>
    <ClInclude Include="ThirdParty\assimp\Importer.hpp">
      <Filter>ThirdParty\assimp</Filter>
    </ClInclude>
    <ClInclude Include="ThirdParty\assimp\importerdesc.h">
      <Filter>ThirdParty\assimp</Filter>
    </ClInclude>
    <ClInclude Include="ThirdParty\assimp\IOStream.hpp">
      <Filter>ThirdParty\assimp</Filter>
    </ClInclude>
    <ClInclude Include="ThirdParty\assimp\IOStreamBuffer.h">
      <Filter>ThirdParty\assimp</Filter>
    </ClInclude>
    <ClInclude Include="ThirdParty\assimp\IOSystem.hpp">
      <Filter>ThirdParty\assimp</Filter>
    </ClInclude>
    <ClInclude Include="ThirdParty\assimp\irrXMLWrapper.h">
      <Filter>ThirdParty\assimp</Filter>
    </ClInclude>
    <ClInclude Include="ThirdParty\assimp\light.h">
      <Filter>ThirdParty\assimp</Filter>
    </ClInclude>
    <ClInclude Include="ThirdParty\assimp\LineSplitter.h">
      <Filter>ThirdParty\assimp</Filter>
    </ClInclude>
    <ClInclude Include="ThirdParty\assimp\LogAux.h">
      <Filter>ThirdParty\assimp</Filter>
    </ClInclude>
    <ClInclude Include="ThirdParty\assimp\Logger.hpp">
      <Filter>ThirdParty\assimp</Filter>
    </ClInclude>
    <ClInclude Include="ThirdParty\assimp\LogStream.hpp">
      <Filter>ThirdParty\assimp</Filter>
    </ClInclude>
    <ClInclude Include="ThirdParty\assimp\Macros.h">
      <Filter>ThirdParty\assimp</Filter>
    </ClInclude>
    <ClInclude Include="ThirdParty\assimp\material.h">
      <Filter>ThirdParty\assimp</Filter>
    </ClInclude>
    <ClInclude Include="ThirdParty\assimp\MathFunctions.h">
      <Filter>ThirdParty\assimp</Filter>
    </ClInclude>
    <ClInclude Include="ThirdParty\assimp\matrix3x3.h">
      <Filter>ThirdParty\assimp</Filter>
    </ClInclude>
    <ClInclude Include="ThirdParty\assimp\matrix4x4.h">
      <Filter>ThirdParty\assimp</Filter>
    </ClInclude>
    <ClInclude Include="ThirdParty\assimp\MemoryIOWrapper.h">
      <Filter>ThirdParty\assimp</Filter>
    </ClInclude>
    <ClInclude Include="ThirdParty\assimp\mesh.h">
      <Filter>ThirdParty\assimp</Filter>
    </ClInclude>
    <ClInclude Include="ThirdParty\assimp\metadata.h">
      <Filter>ThirdParty\assimp</Filter>
    </ClInclude>
    <ClInclude Include="ThirdParty\assimp\NullLogger.hpp">
      <Filter>ThirdParty\assimp</Filter>
    </ClInclude>
    <ClInclude Include="ThirdParty\assimp\ParsingUtils.h">
      <Filter>ThirdParty\assimp</Filter>
    </ClInclude>
    <ClInclude Include="ThirdParty\assimp\pbrmaterial.h">
      <Filter>ThirdParty\assimp</Filter>
    </ClInclude>
    <ClInclude Include="ThirdParty\assimp\postprocess.h">
      <Filter>ThirdParty\assimp</Filter>
    </ClInclude>
    <ClInclude Include="ThirdParty\assimp\Profiler.h">
      <Filter>ThirdParty\assimp</Filter>
    </ClInclude>
    <ClInclude Include="ThirdParty\assimp\ProgressHandler.hpp">
      <Filter>ThirdParty\assimp</Filter>
    </ClInclude>
    <ClInclude Include="ThirdParty\assimp\qnan.h">
      <Filter>ThirdParty\assimp</Filter>
    </ClInclude>
    <ClInclude Include="ThirdParty\assimp\quaternion.h">
      <Filter>ThirdParty\assimp</Filter>
    </ClInclude>
    <ClInclude Include="ThirdParty\assimp\RemoveComments.h">
      <Filter>ThirdParty\assimp</Filter>
    </ClInclude>
    <ClInclude Include="ThirdParty\assimp\scene.h">
      <Filter>ThirdParty\assimp</Filter>
    </ClInclude>
    <ClInclude Include="ThirdParty\assimp\SceneCombiner.h">
      <Filter>ThirdParty\assimp</Filter>
    </ClInclude>
    <ClInclude Include="ThirdParty\assimp\SGSpatialSort.h">
      <Filter>ThirdParty\assimp</Filter>
    </ClInclude>
    <ClInclude Include="ThirdParty\assimp\SkeletonMeshBuilder.h">
      <Filter>ThirdParty\assimp</Filter>
    </ClInclude>
    <ClInclude Include="ThirdParty\assimp\SmoothingGroups.h">
      <Filter>ThirdParty\assimp</Filter>
    </ClInclude>
    <ClInclude Include="ThirdParty\assimp\SpatialSort.h">
      <Filter>ThirdParty\assimp</Filter>
    </ClInclude>
    <ClInclude Include="ThirdParty\assimp\StandardShapes.h">
      <Filter>ThirdParty\assimp</Filter>
    </ClInclude>
    <ClInclude Include="ThirdParty\assimp\StreamReader.h">
      <Filter>ThirdParty\assimp</Filter>
    </ClInclude>
    <ClInclude Include="ThirdParty\assimp\StreamWriter.h">
      <Filter>ThirdParty\assimp</Filter>
    </ClInclude>
    <ClInclude Include="ThirdParty\assimp\StringComparison.h">
      <Filter>ThirdParty\assimp</Filter>
    </ClInclude>
    <ClInclude Include="ThirdParty\assimp\StringUtils.h">
      <Filter>ThirdParty\assimp</Filter>
    </ClInclude>
    <ClInclude Include="ThirdParty\assimp\Subdivision.h">
      <Filter>ThirdParty\assimp</Filter>
    </ClInclude>
    <ClInclude Include="ThirdParty\assimp\texture.h">
      <Filter>ThirdParty\assimp</Filter>
    </ClInclude>
    <ClInclude Include="ThirdParty\assimp\TinyFormatter.h">
      <Filter>ThirdParty\assimp</Filter>
    </ClInclude>
    <ClInclude Include="ThirdParty\assimp\types.h">
      <Filter>ThirdParty\assimp</Filter>
    </ClInclude>
    <ClInclude Include="ThirdParty\assimp\vector2.h">
      <Filter>ThirdParty\assimp</Filter>
    </ClInclude>
    <ClInclude Include="ThirdParty\assimp\vector3.h">
      <Filter>ThirdParty\assimp</Filter>
    </ClInclude>
    <ClInclude Include="ThirdParty\assimp\version.h">
      <Filter>ThirdParty\assimp</Filter>
    </ClInclude>
    <ClInclude Include="ThirdParty\assimp\Vertex.h">
      <Filter>ThirdParty\assimp</Filter>
    </ClInclude>
    <ClInclude Include="ThirdParty\assimp\XMLTools.h">
      <Filter>ThirdParty\assimp</Filter>
    </ClInclude>
    <ClInclude Include="ThirdParty\assimp\ZipArchiveIOSystem.h">
      <Filter>ThirdParty\assimp</Filter>
    </ClInclude>
    <ClInclude Include="ThirdParty\assimp\port\AndroidJNI\AndroidJNIIOSystem.h">
      <Filter>ThirdParty\assimp\port\AndroidJNI</Filter>
    </ClInclude>
    <ClInclude Include="ThirdParty\assimp\Compiler\poppack1.h">
      <Filter>ThirdParty\assimp\Compiler</Filter>
    </ClInclude>
    <ClInclude Include="ThirdParty\assimp\Compiler\pstdint.h">
      <Filter>ThirdParty\assimp\Compiler</Filter>
    </ClInclude>
    <ClInclude Include="ThirdParty\assimp\Compiler\pushpack1.h">
      <Filter>ThirdParty\assimp\Compiler</Filter>
    </ClInclude>
    <ClInclude Include="Model.h">
      <Filter>头文件</Filter>
    </ClInclude>
    <ClInclude Include="float3.h">
      <Filter>Math\include</Filter>
    </ClInclude>
    <ClInclude Include="float2.h">
      <Filter>Math\include</Filter>
    </ClInclude>
    <ClInclude Include="float4.h">
      <Filter>Math\include</Filter>
    </ClInclude>
    <ClInclude Include="Camera.h">
      <Filter>头文件</Filter>
    </ClInclude>
    <ClInclude Include="HObject.h">
      <Filter>头文件\Scene</Filter>
    </ClInclude>
    <ClInclude Include="InterfaceID.h">
      <Filter>头文件\Scene</Filter>
    </ClInclude>
    <ClInclude Include="SharedPtr.h">
      <Filter>头文件\Scene</Filter>
    </ClInclude>
    <ClInclude Include="GameObject.h">
      <Filter>头文件\Scene</Filter>
    </ClInclude>
    <ClInclude Include="Transform.h">
      <Filter>头文件\Scene</Filter>
    </ClInclude>
    <ClInclude Include="Component.h">
      <Filter>头文件\Scene</Filter>
    </ClInclude>
    <ClInclude Include="Scene.h">
      <Filter>头文件\Scene</Filter>
    </ClInclude>
    <ClInclude Include="Noncopy.h">
      <Filter>头文件\Scene</Filter>
    </ClInclude>
    <ClInclude Include="ThirdCamera.h">
      <Filter>头文件\Scene</Filter>
    </ClInclude>
    <ClInclude Include="Drawable.h">
      <Filter>头文件\Renderer</Filter>
    </ClInclude>
    <ClInclude Include="Mesh.h">
      <Filter>头文件\Renderer</Filter>
    </ClInclude>
    <ClInclude Include="MeshRenderer.h">
      <Filter>头文件\Renderer</Filter>
    </ClInclude>
    <ClInclude Include="Renderer.h">
      <Filter>头文件\Renderer</Filter>
    </ClInclude>
    <ClInclude Include="Material.h">
      <Filter>头文件\Renderer</Filter>
    </ClInclude>
    <ClInclude Include="HPass.h">
      <Filter>头文件\Shader</Filter>
    </ClInclude>
    <ClInclude Include="DescriptorAllocator.h">
      <Filter>头文件\Core</Filter>
    </ClInclude>
    <ClInclude Include="DescriptorAllocationPage.h">
      <Filter>头文件\Core</Filter>
    </ClInclude>
    <ClInclude Include="DescriptorAllocation.h">
      <Filter>头文件\Core</Filter>
    </ClInclude>
    <ClInclude Include="KeyCode.h">
      <Filter>头文件\Win32</Filter>
    </ClInclude>
    <ClInclude Include="Helper.h">
      <Filter>头文件\Win32</Filter>
    </ClInclude>
    <ClInclude Include="d3dx12.h">
      <Filter>头文件\Win32</Filter>
    </ClInclude>
    <ClInclude Include="ShaderReflection.h">
      <Filter>头文件\Utils</Filter>
    </ClInclude>
    <ClInclude Include="Texture2D.h">
      <Filter>头文件\Renderer</Filter>
    </ClInclude>
    <ClInclude Include="UploadBuffer.h">
      <Filter>头文件\Core</Filter>
    </ClInclude>
    <ClInclude Include="RendererSystem.h">
      <Filter>头文件\System</Filter>
    </ClInclude>
    <ClInclude Include="Application.h">
      <Filter>头文件\System</Filter>
    </ClInclude>
    <ClInclude Include="Win32App.h">
      <Filter>头文件\System</Filter>
    </ClInclude>
    <ClInclude Include="Graphics.h">
      <Filter>头文件\System</Filter>
    </ClInclude>
    <ClInclude Include="Input.h">
      <Filter>头文件\System</Filter>
    </ClInclude>
    <ClInclude Include="AssetImporter.h">
      <Filter>头文件\Utils</Filter>
    </ClInclude>
    <ClInclude Include="DefaultMaterial.h">
      <Filter>头文件\Mats</Filter>
    </ClInclude>
    <ClInclude Include="GlobalShaderUniformSystem.h">
      <Filter>头文件\Misc</Filter>
    </ClInclude>
    <ClInclude Include="ShaderUniform.h">
      <Filter>头文件\Misc</Filter>
    </ClInclude>
  </ItemGroup>
  <ItemGroup>
    <None Include="ThirdParty\assimp\color4.inl">
      <Filter>ThirdParty\assimp</Filter>
    </None>
    <None Include="ThirdParty\assimp\config.h.in">
      <Filter>ThirdParty\assimp</Filter>
    </None>
    <None Include="ThirdParty\assimp\material.inl">
      <Filter>ThirdParty\assimp</Filter>
    </None>
    <None Include="ThirdParty\assimp\matrix3x3.inl">
      <Filter>ThirdParty\assimp</Filter>
    </None>
    <None Include="ThirdParty\assimp\matrix4x4.inl">
      <Filter>ThirdParty\assimp</Filter>
    </None>
    <None Include="ThirdParty\assimp\quaternion.inl">
      <Filter>ThirdParty\assimp</Filter>
    </None>
    <None Include="ThirdParty\assimp\SmoothingGroups.inl">
      <Filter>ThirdParty\assimp</Filter>
    </None>
    <None Include="ThirdParty\assimp\vector2.inl">
      <Filter>ThirdParty\assimp</Filter>
    </None>
    <None Include="ThirdParty\assimp\vector3.inl">
      <Filter>ThirdParty\assimp</Filter>
    </None>
  </ItemGroup>
  <ItemGroup>
    <CopyFileToFolders Include="ThirdParty\DLLs\zlib.dll">
      <Filter>ThirdParty\DLLs</Filter>
    </CopyFileToFolders>
    <CopyFileToFolders Include="ThirdParty\DLLs\assimp-vc142-mt.dll">
      <Filter>ThirdParty\DLLs</Filter>
    </CopyFileToFolders>
    <CopyFileToFolders Include="Shader\gpass_ps.hlsl">
      <Filter>Shader</Filter>
    </CopyFileToFolders>
    <CopyFileToFolders Include="Shader\gpass_vs.hlsl">
      <Filter>Shader</Filter>
    </CopyFileToFolders>
    <CopyFileToFolders Include="Model\Sponza\textures\background.tga">
      <Filter>Model\Sponza\textures</Filter>
    </CopyFileToFolders>
    <CopyFileToFolders Include="Model\Sponza\textures\background_ddn.tga">
      <Filter>Model\Sponza\textures</Filter>
    </CopyFileToFolders>
    <CopyFileToFolders Include="Model\Sponza\textures\chain_texture.tga">
      <Filter>Model\Sponza\textures</Filter>
    </CopyFileToFolders>
    <CopyFileToFolders Include="Model\Sponza\textures\chain_texture_ddn.tga">
      <Filter>Model\Sponza\textures</Filter>
    </CopyFileToFolders>
    <CopyFileToFolders Include="Model\Sponza\textures\lion.tga">
      <Filter>Model\Sponza\textures</Filter>
    </CopyFileToFolders>
    <CopyFileToFolders Include="Model\Sponza\textures\lion_ddn.tga">
      <Filter>Model\Sponza\textures</Filter>
    </CopyFileToFolders>
    <CopyFileToFolders Include="Model\Sponza\textures\lion2_ddn.tga">
      <Filter>Model\Sponza\textures</Filter>
    </CopyFileToFolders>
    <CopyFileToFolders Include="Model\Sponza\textures\spnza_bricks_a_ddn.tga">
      <Filter>Model\Sponza\textures</Filter>
    </CopyFileToFolders>
    <CopyFileToFolders Include="Model\Sponza\textures\spnza_bricks_a_diff.tga">
      <Filter>Model\Sponza\textures</Filter>
    </CopyFileToFolders>
    <CopyFileToFolders Include="Model\Sponza\textures\sponza_arch_ddn.tga">
      <Filter>Model\Sponza\textures</Filter>
    </CopyFileToFolders>
    <CopyFileToFolders Include="Model\Sponza\textures\sponza_arch_diff.tga">
      <Filter>Model\Sponza\textures</Filter>
    </CopyFileToFolders>
    <CopyFileToFolders Include="Model\Sponza\textures\sponza_ceiling_a_ddn.tga">
      <Filter>Model\Sponza\textures</Filter>
    </CopyFileToFolders>
    <CopyFileToFolders Include="Model\Sponza\textures\sponza_ceiling_a_diff.tga">
      <Filter>Model\Sponza\textures</Filter>
    </CopyFileToFolders>
    <CopyFileToFolders Include="Model\Sponza\textures\sponza_column_a_ddn.tga">
      <Filter>Model\Sponza\textures</Filter>
    </CopyFileToFolders>
    <CopyFileToFolders Include="Model\Sponza\textures\sponza_column_a_diff.tga">
      <Filter>Model\Sponza\textures</Filter>
    </CopyFileToFolders>
    <CopyFileToFolders Include="Model\Sponza\textures\sponza_column_b_ddn.tga">
      <Filter>Model\Sponza\textures</Filter>
    </CopyFileToFolders>
    <CopyFileToFolders Include="Model\Sponza\textures\sponza_column_b_diff.tga">
      <Filter>Model\Sponza\textures</Filter>
    </CopyFileToFolders>
    <CopyFileToFolders Include="Model\Sponza\textures\sponza_column_c_ddn.tga">
      <Filter>Model\Sponza\textures</Filter>
    </CopyFileToFolders>
    <CopyFileToFolders Include="Model\Sponza\textures\sponza_column_c_diff.tga">
      <Filter>Model\Sponza\textures</Filter>
    </CopyFileToFolders>
    <CopyFileToFolders Include="Model\Sponza\textures\sponza_curtain_blue_diff.tga">
      <Filter>Model\Sponza\textures</Filter>
    </CopyFileToFolders>
    <CopyFileToFolders Include="Model\Sponza\textures\sponza_curtain_ddn.tga">
      <Filter>Model\Sponza\textures</Filter>
    </CopyFileToFolders>
    <CopyFileToFolders Include="Model\Sponza\textures\sponza_curtain_diff.tga">
      <Filter>Model\Sponza\textures</Filter>
    </CopyFileToFolders>
    <CopyFileToFolders Include="Model\Sponza\textures\sponza_curtain_green_diff.tga">
      <Filter>Model\Sponza\textures</Filter>
    </CopyFileToFolders>
    <CopyFileToFolders Include="Model\Sponza\textures\sponza_details_ddn.tga">
      <Filter>Model\Sponza\textures</Filter>
    </CopyFileToFolders>
    <CopyFileToFolders Include="Model\Sponza\textures\sponza_details_diff.tga">
      <Filter>Model\Sponza\textures</Filter>
    </CopyFileToFolders>
    <CopyFileToFolders Include="Model\Sponza\textures\sponza_fabric_blue_diff.tga">
      <Filter>Model\Sponza\textures</Filter>
    </CopyFileToFolders>
    <CopyFileToFolders Include="Model\Sponza\textures\sponza_fabric_ddn.tga">
      <Filter>Model\Sponza\textures</Filter>
    </CopyFileToFolders>
    <CopyFileToFolders Include="Model\Sponza\textures\sponza_fabric_diff.tga">
      <Filter>Model\Sponza\textures</Filter>
    </CopyFileToFolders>
    <CopyFileToFolders Include="Model\Sponza\textures\sponza_fabric_green_diff.tga">
      <Filter>Model\Sponza\textures</Filter>
    </CopyFileToFolders>
    <CopyFileToFolders Include="Model\Sponza\textures\sponza_flagpole_ddn.tga">
      <Filter>Model\Sponza\textures</Filter>
    </CopyFileToFolders>
    <CopyFileToFolders Include="Model\Sponza\textures\sponza_flagpole_diff.tga">
      <Filter>Model\Sponza\textures</Filter>
    </CopyFileToFolders>
    <CopyFileToFolders Include="Model\Sponza\textures\sponza_floor_a_ddn.tga">
      <Filter>Model\Sponza\textures</Filter>
    </CopyFileToFolders>
    <CopyFileToFolders Include="Model\Sponza\textures\sponza_floor_a_diff.tga">
      <Filter>Model\Sponza\textures</Filter>
    </CopyFileToFolders>
    <CopyFileToFolders Include="Model\Sponza\textures\sponza_roof_ddn.tga">
      <Filter>Model\Sponza\textures</Filter>
    </CopyFileToFolders>
    <CopyFileToFolders Include="Model\Sponza\textures\sponza_roof_diff.tga">
      <Filter>Model\Sponza\textures</Filter>
    </CopyFileToFolders>
    <CopyFileToFolders Include="Model\Sponza\textures\sponza_thorn_ddn.tga">
      <Filter>Model\Sponza\textures</Filter>
    </CopyFileToFolders>
    <CopyFileToFolders Include="Model\Sponza\textures\sponza_thorn_diff.tga">
      <Filter>Model\Sponza\textures</Filter>
    </CopyFileToFolders>
    <CopyFileToFolders Include="Model\Sponza\textures\Thumbs.db">
      <Filter>Model\Sponza\textures</Filter>
    </CopyFileToFolders>
    <CopyFileToFolders Include="Model\Sponza\textures\vase_ddn.tga">
      <Filter>Model\Sponza\textures</Filter>
    </CopyFileToFolders>
    <CopyFileToFolders Include="Model\Sponza\textures\vase_dif.tga">
      <Filter>Model\Sponza\textures</Filter>
    </CopyFileToFolders>
    <CopyFileToFolders Include="Model\Sponza\textures\vase_hanging.tga">
      <Filter>Model\Sponza\textures</Filter>
    </CopyFileToFolders>
    <CopyFileToFolders Include="Model\Sponza\textures\vase_hanging_ddn.tga">
      <Filter>Model\Sponza\textures</Filter>
    </CopyFileToFolders>
    <CopyFileToFolders Include="Model\Sponza\textures\vase_plant.tga">
      <Filter>Model\Sponza\textures</Filter>
    </CopyFileToFolders>
    <CopyFileToFolders Include="Model\Sponza\textures\vase_round.tga">
      <Filter>Model\Sponza\textures</Filter>
    </CopyFileToFolders>
    <CopyFileToFolders Include="Model\Sponza\textures\vase_round_ddn.tga">
      <Filter>Model\Sponza\textures</Filter>
    </CopyFileToFolders>
    <CopyFileToFolders Include="Model\Sponza\sponza.mtl">
      <Filter>Model\Sponza</Filter>
    </CopyFileToFolders>
    <CopyFileToFolders Include="Model\Sponza\sponza.obj">
      <Filter>Model\Sponza</Filter>
    </CopyFileToFolders>
  </ItemGroup>
</Project>